
Microsoft Visual Studio Solution File, Format Version 12.00
# Visual Studio Version 17
VisualStudioVersion = 17.8.34330.188
MinimumVisualStudioVersion = 10.0.40219.1
Project("{FAE04EC0-301F-11D3-BF4B-00C04F79EFBC}") = "Day01_1", "Day01_1\Day01_1.csproj", "{84E83E01-5593-418E-A6EC-D24F12DEA4A4}"
EndProject
Global
	GlobalSection(SolutionConfigurationPlatforms) = preSolution
		Debug|Any CPU = Debug|Any CPU
		Release|Any CPU = Release|Any CPU
	EndGlobalSection
	GlobalSection(ProjectConfigurationPlatforms) = postSolution
		{84E83E01-5593-418E-A6EC-D24F12DEA4A4}.Debug|Any CPU.ActiveCfg = Debug|Any CPU
		{84E83E01-5593-418E-A6EC-D24F12DEA4A4}.Debug|Any CPU.Build.0 = Debug|Any CPU
		{84E83E01-5593-418E-A6EC-D24F12DEA4A4}.Release|Any CPU.ActiveCfg = Release|Any CPU
		{84E83E01-5593-418E-A6EC-D24F12DEA4A4}.Release|Any CPU.Build.0 = Release|Any CPU
	EndGlobalSection
	GlobalSection(SolutionProperties) = preSolution
		HideSolutionNode = FALSE
	EndGlobalSection
	GlobalSection(ExtensibilityGlobals) = postSolution
		SolutionGuid = {57036DD5-3C64-4F41-B37B-84B5569738E0}
	EndGlobalSection
EndGlobal
